
Microsoft Visual Studio Solution File, Format Version 12.00
# Visual Studio Version 17
VisualStudioVersion = 17.4.33110.190
MinimumVisualStudioVersion = 10.0.40219.1
Project("{FAE04EC0-301F-11D3-BF4B-00C04F79EFBC}") = "truthordrink.Android", "truthordrink\truthordrink.Android\truthordrink.Android.csproj", "{BDAB307F-E6FE-4D62-8274-1A47570965AB}"
EndProject
Project("{FAE04EC0-301F-11D3-BF4B-00C04F79EFBC}") = "truthordrink.iOS", "truthordrink\truthordrink.iOS\truthordrink.iOS.csproj", "{4D7B3DB4-AF2D-42A8-8542-F4B3A1BAAEB7}"
EndProject
Project("{9A19103F-16F7-4668-BE54-9A1E7A4F7556}") = "truthordrink", "truthordrink\truthordrink\truthordrink.csproj", "{B13DE712-2671-4F8B-9707-93B385B262E9}"
EndProject
Project("{2150E333-8FDC-42A3-9474-1A3956D46DE8}") = "Solution Items", "Solution Items", "{09A3FA74-F468-4CEA-857A-9526361DD2E7}"
EndProject
Global
	GlobalSection(SolutionConfigurationPlatforms) = preSolution
		Debug|Any CPU = Debug|Any CPU
		Debug|iPhone = Debug|iPhone
		Debug|iPhoneSimulator = Debug|iPhoneSimulator
		Release|Any CPU = Release|Any CPU
		Release|iPhone = Release|iPhone
		Release|iPhoneSimulator = Release|iPhoneSimulator
	EndGlobalSection
	GlobalSection(ProjectConfigurationPlatforms) = postSolution
		{BDAB307F-E6FE-4D62-8274-1A47570965AB}.Debug|Any CPU.ActiveCfg = Debug|Any CPU
		{BDAB307F-E6FE-4D62-8274-1A47570965AB}.Debug|Any CPU.Build.0 = Debug|Any CPU
		{BDAB307F-E6FE-4D62-8274-1A47570965AB}.Debug|Any CPU.Deploy.0 = Debug|Any CPU
		{BDAB307F-E6FE-4D62-8274-1A47570965AB}.Debug|iPhone.ActiveCfg = Debug|Any CPU
		{BDAB307F-E6FE-4D62-8274-1A47570965AB}.Debug|iPhone.Build.0 = Debug|Any CPU
		{BDAB307F-E6FE-4D62-8274-1A47570965AB}.Debug|iPhone.Deploy.0 = Debug|Any CPU
		{BDAB307F-E6FE-4D62-8274-1A47570965AB}.Debug|iPhoneSimulator.ActiveCfg = Debug|Any CPU
		{BDAB307F-E6FE-4D62-8274-1A47570965AB}.Debug|iPhoneSimulator.Build.0 = Debug|Any CPU
		{BDAB307F-E6FE-4D62-8274-1A47570965AB}.Debug|iPhoneSimulator.Deploy.0 = Debug|Any CPU
		{BDAB307F-E6FE-4D62-8274-1A47570965AB}.Release|Any CPU.ActiveCfg = Release|Any CPU
		{BDAB307F-E6FE-4D62-8274-1A47570965AB}.Release|Any CPU.Build.0 = Release|Any CPU
		{BDAB307F-E6FE-4D62-8274-1A47570965AB}.Release|Any CPU.Deploy.0 = Release|Any CPU
		{BDAB307F-E6FE-4D62-8274-1A47570965AB}.Release|iPhone.ActiveCfg = Release|Any CPU
		{BDAB307F-E6FE-4D62-8274-1A47570965AB}.Release|iPhone.Build.0 = Release|Any CPU
		{BDAB307F-E6FE-4D62-8274-1A47570965AB}.Release|iPhone.Deploy.0 = Release|Any CPU
		{BDAB307F-E6FE-4D62-8274-1A47570965AB}.Release|iPhoneSimulator.ActiveCfg = Release|Any CPU
		{BDAB307F-E6FE-4D62-8274-1A47570965AB}.Release|iPhoneSimulator.Build.0 = Release|Any CPU
		{BDAB307F-E6FE-4D62-8274-1A47570965AB}.Release|iPhoneSimulator.Deploy.0 = Release|Any CPU
		{4D7B3DB4-AF2D-42A8-8542-F4B3A1BAAEB7}.Debug|Any CPU.ActiveCfg = Debug|iPhone
		{4D7B3DB4-AF2D-42A8-8542-F4B3A1BAAEB7}.Debug|Any CPU.Build.0 = Debug|iPhone
		{4D7B3DB4-AF2D-42A8-8542-F4B3A1BAAEB7}.Debug|Any CPU.Deploy.0 = Debug|iPhone
		{4D7B3DB4-AF2D-42A8-8542-F4B3A1BAAEB7}.Debug|iPhone.ActiveCfg = Debug|iPhone
		{4D7B3DB4-AF2D-42A8-8542-F4B3A1BAAEB7}.Debug|iPhone.Build.0 = Debug|iPhone
		{4D7B3DB4-AF2D-42A8-8542-F4B3A1BAAEB7}.Debug|iPhone.Deploy.0 = Debug|iPhone
		{4D7B3DB4-AF2D-42A8-8542-F4B3A1BAAEB7}.Debug|iPhoneSimulator.ActiveCfg = Debug|iPhoneSimulator
		{4D7B3DB4-AF2D-42A8-8542-F4B3A1BAAEB7}.Debug|iPhoneSimulator.Build.0 = Debug|iPhoneSimulator
		{4D7B3DB4-AF2D-42A8-8542-F4B3A1BAAEB7}.Debug|iPhoneSimulator.Deploy.0 = Debug|iPhoneSimulator
		{4D7B3DB4-AF2D-42A8-8542-F4B3A1BAAEB7}.Release|Any CPU.ActiveCfg = Release|iPhoneSimulator
		{4D7B3DB4-AF2D-42A8-8542-F4B3A1BAAEB7}.Release|Any CPU.Build.0 = Release|iPhoneSimulator
		{4D7B3DB4-AF2D-42A8-8542-F4B3A1BAAEB7}.Release|Any CPU.Deploy.0 = Release|iPhoneSimulator
		{4D7B3DB4-AF2D-42A8-8542-F4B3A1BAAEB7}.Release|iPhone.ActiveCfg = Release|iPhone
		{4D7B3DB4-AF2D-42A8-8542-F4B3A1BAAEB7}.Release|iPhone.Build.0 = Release|iPhone
		{4D7B3DB4-AF2D-42A8-8542-F4B3A1BAAEB7}.Release|iPhone.Deploy.0 = Release|iPhone
		{4D7B3DB4-AF2D-42A8-8542-F4B3A1BAAEB7}.Release|iPhoneSimulator.ActiveCfg = Release|iPhoneSimulator
		{4D7B3DB4-AF2D-42A8-8542-F4B3A1BAAEB7}.Release|iPhoneSimulator.Build.0 = Release|iPhoneSimulator
		{4D7B3DB4-AF2D-42A8-8542-F4B3A1BAAEB7}.Release|iPhoneSimulator.Deploy.0 = Release|iPhoneSimulator
		{B13DE712-2671-4F8B-9707-93B385B262E9}.Debug|Any CPU.ActiveCfg = Debug|Any CPU
		{B13DE712-2671-4F8B-9707-93B385B262E9}.Debug|Any CPU.Build.0 = Debug|Any CPU
		{B13DE712-2671-4F8B-9707-93B385B262E9}.Debug|Any CPU.Deploy.0 = Debug|Any CPU
		{B13DE712-2671-4F8B-9707-93B385B262E9}.Debug|iPhone.ActiveCfg = Debug|Any CPU
		{B13DE712-2671-4F8B-9707-93B385B262E9}.Debug|iPhone.Build.0 = Debug|Any CPU
		{B13DE712-2671-4F8B-9707-93B385B262E9}.Debug|iPhone.Deploy.0 = Debug|Any CPU
		{B13DE712-2671-4F8B-9707-93B385B262E9}.Debug|iPhoneSimulator.ActiveCfg = Debug|Any CPU
		{B13DE712-2671-4F8B-9707-93B385B262E9}.Debug|iPhoneSimulator.Build.0 = Debug|Any CPU
		{B13DE712-2671-4F8B-9707-93B385B262E9}.Debug|iPhoneSimulator.Deploy.0 = Debug|Any CPU
		{B13DE712-2671-4F8B-9707-93B385B262E9}.Release|Any CPU.ActiveCfg = Release|Any CPU
		{B13DE712-2671-4F8B-9707-93B385B262E9}.Release|Any CPU.Build.0 = Release|Any CPU
		{B13DE712-2671-4F8B-9707-93B385B262E9}.Release|Any CPU.Deploy.0 = Release|Any CPU
		{B13DE712-2671-4F8B-9707-93B385B262E9}.Release|iPhone.ActiveCfg = Release|Any CPU
		{B13DE712-2671-4F8B-9707-93B385B262E9}.Release|iPhone.Build.0 = Release|Any CPU
		{B13DE712-2671-4F8B-9707-93B385B262E9}.Release|iPhone.Deploy.0 = Release|Any CPU
		{B13DE712-2671-4F8B-9707-93B385B262E9}.Release|iPhoneSimulator.ActiveCfg = Release|Any CPU
		{B13DE712-2671-4F8B-9707-93B385B262E9}.Release|iPhoneSimulator.Build.0 = Release|Any CPU
		{B13DE712-2671-4F8B-9707-93B385B262E9}.Release|iPhoneSimulator.Deploy.0 = Release|Any CPU
	EndGlobalSection
	GlobalSection(SolutionProperties) = preSolution
		HideSolutionNode = FALSE
	EndGlobalSection
	GlobalSection(ExtensibilityGlobals) = postSolution
		SolutionGuid = {BE53E835-2BBD-41EC-9BA5-939EEA93FA93}
	EndGlobalSection
EndGlobal
